
Microsoft Visual Studio Solution File, Format Version 12.00
# Visual Studio Version 17
VisualStudioVersion = 17.9.34728.123
MinimumVisualStudioVersion = 10.0.40219.1
Project("{FAE04EC0-301F-11D3-BF4B-00C04F79EFBC}") = "pr_2_task_2", "pr_2_task_2.csproj", "{D1A6B1BC-83E7-49C3-BA2E-3235E6D6E101}"
EndProject
Global
	GlobalSection(SolutionConfigurationPlatforms) = preSolution
		Debug|Any CPU = Debug|Any CPU
		Release|Any CPU = Release|Any CPU
	EndGlobalSection
	GlobalSection(ProjectConfigurationPlatforms) = postSolution
		{D1A6B1BC-83E7-49C3-BA2E-3235E6D6E101}.Debug|Any CPU.ActiveCfg = Debug|Any CPU
		{D1A6B1BC-83E7-49C3-BA2E-3235E6D6E101}.Debug|Any CPU.Build.0 = Debug|Any CPU
		{D1A6B1BC-83E7-49C3-BA2E-3235E6D6E101}.Release|Any CPU.ActiveCfg = Release|Any CPU
		{D1A6B1BC-83E7-49C3-BA2E-3235E6D6E101}.Release|Any CPU.Build.0 = Release|Any CPU
	EndGlobalSection
	GlobalSection(SolutionProperties) = preSolution
		HideSolutionNode = FALSE
	EndGlobalSection
	GlobalSection(ExtensibilityGlobals) = postSolution
		SolutionGuid = {BD5F8604-7678-487C-A581-B24A32588587}
	EndGlobalSection
EndGlobal
